
Microsoft Visual Studio Solution File, Format Version 12.00
# Visual Studio Version 16
VisualStudioVersion = 16.0.29324.140
MinimumVisualStudioVersion = 10.0.40219.1
Project("{FAE04EC0-301F-11D3-BF4B-00C04F79EFBC}") = "ak.Android", "ak\ak.Android\ak.Android.csproj", "{94362E95-4B13-4C70-809D-7B8003AA3275}"
EndProject
Project("{FAE04EC0-301F-11D3-BF4B-00C04F79EFBC}") = "ak.iOS", "ak\ak.iOS\ak.iOS.csproj", "{96A29C44-7996-4017-A404-1A6A25D309FB}"
EndProject
Project("{FAE04EC0-301F-11D3-BF4B-00C04F79EFBC}") = "ak", "ak\ak\ak.csproj", "{4C8311F2-BF53-4D55-9336-80172420936A}"
EndProject
Global
	GlobalSection(SolutionConfigurationPlatforms) = preSolution
		Debug|Any CPU = Debug|Any CPU
		Debug|iPhone = Debug|iPhone
		Debug|iPhoneSimulator = Debug|iPhoneSimulator
		Release|Any CPU = Release|Any CPU
		Release|iPhone = Release|iPhone
		Release|iPhoneSimulator = Release|iPhoneSimulator
	EndGlobalSection
	GlobalSection(ProjectConfigurationPlatforms) = postSolution
		{94362E95-4B13-4C70-809D-7B8003AA3275}.Debug|Any CPU.ActiveCfg = Debug|Any CPU
		{94362E95-4B13-4C70-809D-7B8003AA3275}.Debug|Any CPU.Build.0 = Debug|Any CPU
		{94362E95-4B13-4C70-809D-7B8003AA3275}.Debug|Any CPU.Deploy.0 = Debug|Any CPU
		{94362E95-4B13-4C70-809D-7B8003AA3275}.Debug|iPhone.ActiveCfg = Debug|Any CPU
		{94362E95-4B13-4C70-809D-7B8003AA3275}.Debug|iPhone.Build.0 = Debug|Any CPU
		{94362E95-4B13-4C70-809D-7B8003AA3275}.Debug|iPhone.Deploy.0 = Debug|Any CPU
		{94362E95-4B13-4C70-809D-7B8003AA3275}.Debug|iPhoneSimulator.ActiveCfg = Debug|Any CPU
		{94362E95-4B13-4C70-809D-7B8003AA3275}.Debug|iPhoneSimulator.Build.0 = Debug|Any CPU
		{94362E95-4B13-4C70-809D-7B8003AA3275}.Debug|iPhoneSimulator.Deploy.0 = Debug|Any CPU
		{94362E95-4B13-4C70-809D-7B8003AA3275}.Release|Any CPU.ActiveCfg = Release|Any CPU
		{94362E95-4B13-4C70-809D-7B8003AA3275}.Release|Any CPU.Build.0 = Release|Any CPU
		{94362E95-4B13-4C70-809D-7B8003AA3275}.Release|Any CPU.Deploy.0 = Release|Any CPU
		{94362E95-4B13-4C70-809D-7B8003AA3275}.Release|iPhone.ActiveCfg = Release|Any CPU
		{94362E95-4B13-4C70-809D-7B8003AA3275}.Release|iPhone.Build.0 = Release|Any CPU
		{94362E95-4B13-4C70-809D-7B8003AA3275}.Release|iPhone.Deploy.0 = Release|Any CPU
		{94362E95-4B13-4C70-809D-7B8003AA3275}.Release|iPhoneSimulator.ActiveCfg = Release|Any CPU
		{94362E95-4B13-4C70-809D-7B8003AA3275}.Release|iPhoneSimulator.Build.0 = Release|Any CPU
		{94362E95-4B13-4C70-809D-7B8003AA3275}.Release|iPhoneSimulator.Deploy.0 = Release|Any CPU
		{96A29C44-7996-4017-A404-1A6A25D309FB}.Debug|Any CPU.ActiveCfg = Debug|iPhoneSimulator
		{96A29C44-7996-4017-A404-1A6A25D309FB}.Debug|Any CPU.Build.0 = Debug|iPhoneSimulator
		{96A29C44-7996-4017-A404-1A6A25D309FB}.Debug|Any CPU.Deploy.0 = Debug|iPhoneSimulator
		{96A29C44-7996-4017-A404-1A6A25D309FB}.Debug|iPhone.ActiveCfg = Debug|iPhone
		{96A29C44-7996-4017-A404-1A6A25D309FB}.Debug|iPhone.Build.0 = Debug|iPhone
		{96A29C44-7996-4017-A404-1A6A25D309FB}.Debug|iPhone.Deploy.0 = Debug|iPhone
		{96A29C44-7996-4017-A404-1A6A25D309FB}.Debug|iPhoneSimulator.ActiveCfg = Debug|iPhoneSimulator
		{96A29C44-7996-4017-A404-1A6A25D309FB}.Debug|iPhoneSimulator.Build.0 = Debug|iPhoneSimulator
		{96A29C44-7996-4017-A404-1A6A25D309FB}.Debug|iPhoneSimulator.Deploy.0 = Debug|iPhoneSimulator
		{96A29C44-7996-4017-A404-1A6A25D309FB}.Release|Any CPU.ActiveCfg = Release|iPhone
		{96A29C44-7996-4017-A404-1A6A25D309FB}.Release|Any CPU.Build.0 = Release|iPhone
		{96A29C44-7996-4017-A404-1A6A25D309FB}.Release|Any CPU.Deploy.0 = Release|iPhone
		{96A29C44-7996-4017-A404-1A6A25D309FB}.Release|iPhone.ActiveCfg = Release|iPhone
		{96A29C44-7996-4017-A404-1A6A25D309FB}.Release|iPhone.Build.0 = Release|iPhone
		{96A29C44-7996-4017-A404-1A6A25D309FB}.Release|iPhone.Deploy.0 = Release|iPhone
		{96A29C44-7996-4017-A404-1A6A25D309FB}.Release|iPhoneSimulator.ActiveCfg = Release|iPhoneSimulator
		{96A29C44-7996-4017-A404-1A6A25D309FB}.Release|iPhoneSimulator.Build.0 = Release|iPhoneSimulator
		{96A29C44-7996-4017-A404-1A6A25D309FB}.Release|iPhoneSimulator.Deploy.0 = Release|iPhoneSimulator
		{4C8311F2-BF53-4D55-9336-80172420936A}.Debug|Any CPU.ActiveCfg = Debug|Any CPU
		{4C8311F2-BF53-4D55-9336-80172420936A}.Debug|Any CPU.Build.0 = Debug|Any CPU
		{4C8311F2-BF53-4D55-9336-80172420936A}.Debug|Any CPU.Deploy.0 = Debug|Any CPU
		{4C8311F2-BF53-4D55-9336-80172420936A}.Debug|iPhone.ActiveCfg = Debug|Any CPU
		{4C8311F2-BF53-4D55-9336-80172420936A}.Debug|iPhone.Build.0 = Debug|Any CPU
		{4C8311F2-BF53-4D55-9336-80172420936A}.Debug|iPhone.Deploy.0 = Debug|Any CPU
		{4C8311F2-BF53-4D55-9336-80172420936A}.Debug|iPhoneSimulator.ActiveCfg = Debug|Any CPU
		{4C8311F2-BF53-4D55-9336-80172420936A}.Debug|iPhoneSimulator.Build.0 = Debug|Any CPU
		{4C8311F2-BF53-4D55-9336-80172420936A}.Debug|iPhoneSimulator.Deploy.0 = Debug|Any CPU
		{4C8311F2-BF53-4D55-9336-80172420936A}.Release|Any CPU.ActiveCfg = Release|Any CPU
		{4C8311F2-BF53-4D55-9336-80172420936A}.Release|Any CPU.Build.0 = Release|Any CPU
		{4C8311F2-BF53-4D55-9336-80172420936A}.Release|Any CPU.Deploy.0 = Release|Any CPU
		{4C8311F2-BF53-4D55-9336-80172420936A}.Release|iPhone.ActiveCfg = Release|Any CPU
		{4C8311F2-BF53-4D55-9336-80172420936A}.Release|iPhone.Build.0 = Release|Any CPU
		{4C8311F2-BF53-4D55-9336-80172420936A}.Release|iPhone.Deploy.0 = Release|Any CPU
		{4C8311F2-BF53-4D55-9336-80172420936A}.Release|iPhoneSimulator.ActiveCfg = Release|Any CPU
		{4C8311F2-BF53-4D55-9336-80172420936A}.Release|iPhoneSimulator.Build.0 = Release|Any CPU
		{4C8311F2-BF53-4D55-9336-80172420936A}.Release|iPhoneSimulator.Deploy.0 = Release|Any CPU
	EndGlobalSection
	GlobalSection(SolutionProperties) = preSolution
		HideSolutionNode = FALSE
	EndGlobalSection
	GlobalSection(ExtensibilityGlobals) = postSolution
		SolutionGuid = {F44D18A4-C5E8-4B5E-A3CC-6116EEAF4D4F}
	EndGlobalSection
EndGlobal
